
Microsoft Visual Studio Solution File, Format Version 12.00
Project("{FAE04EC0-301F-11D3-BF4B-00C04F79EFBC}") = "Brie", "Brie\Brie.csproj", "{F088CD4E-3FED-4672-A897-4942CB90907C}"
EndProject
Global
	GlobalSection(SolutionConfigurationPlatforms) = preSolution
		Debug|Any CPU = Debug|Any CPU
		Release|Any CPU = Release|Any CPU
	EndGlobalSection
	GlobalSection(ProjectConfigurationPlatforms) = postSolution
		{F088CD4E-3FED-4672-A897-4942CB90907C}.Debug|Any CPU.ActiveCfg = Debug|Any CPU
		{F088CD4E-3FED-4672-A897-4942CB90907C}.Debug|Any CPU.Build.0 = Debug|Any CPU
		{F088CD4E-3FED-4672-A897-4942CB90907C}.Release|Any CPU.ActiveCfg = Release|Any CPU
		{F088CD4E-3FED-4672-A897-4942CB90907C}.Release|Any CPU.Build.0 = Release|Any CPU
	EndGlobalSection
EndGlobal
